
Microsoft Visual Studio Solution File, Format Version 12.00
# Visual Studio Version 17
VisualStudioVersion = 17.3.32901.215
MinimumVisualStudioVersion = 10.0.40219.1
Project("{FAE04EC0-301F-11D3-BF4B-00C04F79EFBC}") = "BO", "BO\BO.csproj", "{A0264111-85FC-4FAB-A03B-AF8839EEF5AE}"
EndProject
Project("{FAE04EC0-301F-11D3-BF4B-00C04F79EFBC}") = "WEB", "WEB\WEB.csproj", "{81334549-5E18-4E1F-9215-09F523F4D196}"
EndProject
Project("{2150E333-8FDC-42A3-9474-1A3956D46DE8}") = ".NET FRAMEWORK", ".NET FRAMEWORK", "{4BDE7C4A-2E25-49A6-AC35-DFFC8FCF9727}"
EndProject
Project("{2150E333-8FDC-42A3-9474-1A3956D46DE8}") = ".NET CORE", ".NET CORE", "{22B9AF38-F6C3-457E-8A14-65D6BFA0EF01}"
EndProject
Project("{9A19103F-16F7-4668-BE54-9A1E7A4F7556}") = "BO", "NETCORE\BO\BO.csproj", "{47206E75-B714-42C0-9A47-CF7EF1CDE001}"
EndProject
Project("{9A19103F-16F7-4668-BE54-9A1E7A4F7556}") = "WEB", "NETCORE\WEB\WEB.csproj", "{658CBCB7-BAAB-48C5-98E3-C6D55564EAD8}"
EndProject
Project("{FAE04EC0-301F-11D3-BF4B-00C04F79EFBC}") = "WebApplication1", "WebApplication1\WebApplication1.csproj", "{96889E2F-9FEC-49DB-8AE0-70092AA1A8E4}"
EndProject
Global
	GlobalSection(SolutionConfigurationPlatforms) = preSolution
		Debug|Any CPU = Debug|Any CPU
		Release|Any CPU = Release|Any CPU
	EndGlobalSection
	GlobalSection(ProjectConfigurationPlatforms) = postSolution
		{A0264111-85FC-4FAB-A03B-AF8839EEF5AE}.Debug|Any CPU.ActiveCfg = Debug|Any CPU
		{A0264111-85FC-4FAB-A03B-AF8839EEF5AE}.Debug|Any CPU.Build.0 = Debug|Any CPU
		{A0264111-85FC-4FAB-A03B-AF8839EEF5AE}.Release|Any CPU.ActiveCfg = Release|Any CPU
		{A0264111-85FC-4FAB-A03B-AF8839EEF5AE}.Release|Any CPU.Build.0 = Release|Any CPU
		{81334549-5E18-4E1F-9215-09F523F4D196}.Debug|Any CPU.ActiveCfg = Debug|Any CPU
		{81334549-5E18-4E1F-9215-09F523F4D196}.Debug|Any CPU.Build.0 = Debug|Any CPU
		{81334549-5E18-4E1F-9215-09F523F4D196}.Release|Any CPU.ActiveCfg = Release|Any CPU
		{81334549-5E18-4E1F-9215-09F523F4D196}.Release|Any CPU.Build.0 = Release|Any CPU
		{47206E75-B714-42C0-9A47-CF7EF1CDE001}.Debug|Any CPU.ActiveCfg = Debug|Any CPU
		{47206E75-B714-42C0-9A47-CF7EF1CDE001}.Debug|Any CPU.Build.0 = Debug|Any CPU
		{47206E75-B714-42C0-9A47-CF7EF1CDE001}.Release|Any CPU.ActiveCfg = Release|Any CPU
		{47206E75-B714-42C0-9A47-CF7EF1CDE001}.Release|Any CPU.Build.0 = Release|Any CPU
		{658CBCB7-BAAB-48C5-98E3-C6D55564EAD8}.Debug|Any CPU.ActiveCfg = Debug|Any CPU
		{658CBCB7-BAAB-48C5-98E3-C6D55564EAD8}.Debug|Any CPU.Build.0 = Debug|Any CPU
		{658CBCB7-BAAB-48C5-98E3-C6D55564EAD8}.Release|Any CPU.ActiveCfg = Release|Any CPU
		{658CBCB7-BAAB-48C5-98E3-C6D55564EAD8}.Release|Any CPU.Build.0 = Release|Any CPU
		{96889E2F-9FEC-49DB-8AE0-70092AA1A8E4}.Debug|Any CPU.ActiveCfg = Debug|Any CPU
		{96889E2F-9FEC-49DB-8AE0-70092AA1A8E4}.Debug|Any CPU.Build.0 = Debug|Any CPU
		{96889E2F-9FEC-49DB-8AE0-70092AA1A8E4}.Release|Any CPU.ActiveCfg = Release|Any CPU
		{96889E2F-9FEC-49DB-8AE0-70092AA1A8E4}.Release|Any CPU.Build.0 = Release|Any CPU
	EndGlobalSection
	GlobalSection(SolutionProperties) = preSolution
		HideSolutionNode = FALSE
	EndGlobalSection
	GlobalSection(NestedProjects) = preSolution
		{A0264111-85FC-4FAB-A03B-AF8839EEF5AE} = {4BDE7C4A-2E25-49A6-AC35-DFFC8FCF9727}
		{81334549-5E18-4E1F-9215-09F523F4D196} = {4BDE7C4A-2E25-49A6-AC35-DFFC8FCF9727}
		{47206E75-B714-42C0-9A47-CF7EF1CDE001} = {22B9AF38-F6C3-457E-8A14-65D6BFA0EF01}
		{658CBCB7-BAAB-48C5-98E3-C6D55564EAD8} = {22B9AF38-F6C3-457E-8A14-65D6BFA0EF01}
		{96889E2F-9FEC-49DB-8AE0-70092AA1A8E4} = {22B9AF38-F6C3-457E-8A14-65D6BFA0EF01}
	EndGlobalSection
	GlobalSection(ExtensibilityGlobals) = postSolution
		SolutionGuid = {757C3687-08E2-44B7-9DCE-2AB0D83F6D01}
	EndGlobalSection
EndGlobal
